// !$*UTF8*$!
{
	archiveVersion = 1;
	classes = {
	};
	objectVersion = 46;
	objects = {

/* Begin PBXBuildFile section */
		A42587EA1B9FF19400D10AA7 /* AppConstants.swift in Sources */ = {isa = PBXBuildFile; fileRef = A42587E91B9FF19400D10AA7 /* AppConstants.swift */; };
		A42587EF1B9FF3C600D10AA7 /* MealNavigationController.swift in Sources */ = {isa = PBXBuildFile; fileRef = A42587EE1B9FF3C600D10AA7 /* MealNavigationController.swift */; };
		A42587F11B9FF5CB00D10AA7 /* NotificationNavigationController.swift in Sources */ = {isa = PBXBuildFile; fileRef = A42587F01B9FF5CB00D10AA7 /* NotificationNavigationController.swift */; };
		A42587F51BA0059700D10AA7 /* Utils.swift in Sources */ = {isa = PBXBuildFile; fileRef = A42587F41BA0059700D10AA7 /* Utils.swift */; };
		A42587F71BA009E700D10AA7 /* AppExtensions.swift in Sources */ = {isa = PBXBuildFile; fileRef = A42587F61BA009E700D10AA7 /* AppExtensions.swift */; };
		A42587F91BA148A500D10AA7 /* MealCardView.xib in Resources */ = {isa = PBXBuildFile; fileRef = A42587F81BA148A500D10AA7 /* MealCardView.xib */; };
		A42587FB1BA6632E00D10AA7 /* NewEventViewController.swift in Sources */ = {isa = PBXBuildFile; fileRef = A42587FA1BA6632E00D10AA7 /* NewEventViewController.swift */; };
		A42587FD1BA68F3900D10AA7 /* AudioToolbox.framework in Frameworks */ = {isa = PBXBuildFile; fileRef = A42587FC1BA68F3900D10AA7 /* AudioToolbox.framework */; };
		A42587FF1BA68F4000D10AA7 /* CFNetwork.framework in Frameworks */ = {isa = PBXBuildFile; fileRef = A42587FE1BA68F4000D10AA7 /* CFNetwork.framework */; };
		A42588011BA68F4800D10AA7 /* CoreGraphics.framework in Frameworks */ = {isa = PBXBuildFile; fileRef = A42588001BA68F4800D10AA7 /* CoreGraphics.framework */; };
		A42588031BA68F4E00D10AA7 /* CoreLocation.framework in Frameworks */ = {isa = PBXBuildFile; fileRef = A42588021BA68F4E00D10AA7 /* CoreLocation.framework */; };
		A42588051BA68F5500D10AA7 /* libz.dylib in Frameworks */ = {isa = PBXBuildFile; fileRef = A42588041BA68F5500D10AA7 /* libz.dylib */; };
		A42588071BA68F5F00D10AA7 /* MobileCoreServices.framework in Frameworks */ = {isa = PBXBuildFile; fileRef = A42588061BA68F5F00D10AA7 /* MobileCoreServices.framework */; };
		A42588091BA68F6900D10AA7 /* QuartzCore.framework in Frameworks */ = {isa = PBXBuildFile; fileRef = A42588081BA68F6900D10AA7 /* QuartzCore.framework */; };
		A425880B1BA68F7000D10AA7 /* Security.framework in Frameworks */ = {isa = PBXBuildFile; fileRef = A425880A1BA68F7000D10AA7 /* Security.framework */; };
		A425880D1BA68F7600D10AA7 /* StoreKit.framework in Frameworks */ = {isa = PBXBuildFile; fileRef = A425880C1BA68F7600D10AA7 /* StoreKit.framework */; };
		A425880F1BA68F8700D10AA7 /* SystemConfiguration.framework in Frameworks */ = {isa = PBXBuildFile; fileRef = A425880E1BA68F8700D10AA7 /* SystemConfiguration.framework */; };
		A42588111BA68F9100D10AA7 /* libsqlite3.dylib in Frameworks */ = {isa = PBXBuildFile; fileRef = A42588101BA68F9100D10AA7 /* libsqlite3.dylib */; };
		A42588251BA6908200D10AA7 /* Accounts.framework in Frameworks */ = {isa = PBXBuildFile; fileRef = A42588241BA6908200D10AA7 /* Accounts.framework */; };
		A42588271BA6908B00D10AA7 /* Social.framework in Frameworks */ = {isa = PBXBuildFile; fileRef = A42588261BA6908B00D10AA7 /* Social.framework */; };
		A42588301BA690FF00D10AA7 /* Bolts.framework in Frameworks */ = {isa = PBXBuildFile; fileRef = A42588291BA690FF00D10AA7 /* Bolts.framework */; };
		A42588311BA690FF00D10AA7 /* Parse.framework in Frameworks */ = {isa = PBXBuildFile; fileRef = A425882A1BA690FF00D10AA7 /* Parse.framework */; };
		A42588321BA690FF00D10AA7 /* ParseCrashReporting.framework in Frameworks */ = {isa = PBXBuildFile; fileRef = A425882B1BA690FF00D10AA7 /* ParseCrashReporting.framework */; };
		A42588331BA690FF00D10AA7 /* ParseFacebookUtils.framework in Frameworks */ = {isa = PBXBuildFile; fileRef = A425882C1BA690FF00D10AA7 /* ParseFacebookUtils.framework */; };
		A42588341BA690FF00D10AA7 /* ParseFacebookUtilsV4.framework in Frameworks */ = {isa = PBXBuildFile; fileRef = A425882D1BA690FF00D10AA7 /* ParseFacebookUtilsV4.framework */; };
		A42588351BA690FF00D10AA7 /* ParseTwitterUtils.framework in Frameworks */ = {isa = PBXBuildFile; fileRef = A425882E1BA690FF00D10AA7 /* ParseTwitterUtils.framework */; };
		A42588361BA690FF00D10AA7 /* ParseUI.framework in Frameworks */ = {isa = PBXBuildFile; fileRef = A425882F1BA690FF00D10AA7 /* ParseUI.framework */; };
		A42588411BA6953000D10AA7 /* objc-link.m in Sources */ = {isa = PBXBuildFile; fileRef = A42588401BA6953000D10AA7 /* objc-link.m */; };
		A43989A81B9FC31000D84E79 /* AppDelegate.swift in Sources */ = {isa = PBXBuildFile; fileRef = A43989A71B9FC31000D84E79 /* AppDelegate.swift */; };
		A43989AF1B9FC31000D84E79 /* Main.storyboard in Resources */ = {isa = PBXBuildFile; fileRef = A43989AD1B9FC31000D84E79 /* Main.storyboard */; };
		A43989B11B9FC31000D84E79 /* Images.xcassets in Resources */ = {isa = PBXBuildFile; fileRef = A43989B01B9FC31000D84E79 /* Images.xcassets */; };
		A43989B41B9FC31000D84E79 /* LaunchScreen.xib in Resources */ = {isa = PBXBuildFile; fileRef = A43989B21B9FC31000D84E79 /* LaunchScreen.xib */; };
		A43989C01B9FC31000D84E79 /* Eat_TimeTests.swift in Sources */ = {isa = PBXBuildFile; fileRef = A43989BF1B9FC31000D84E79 /* Eat_TimeTests.swift */; };
		A43989CE1B9FE88B00D84E79 /* MealTabViewController.swift in Sources */ = {isa = PBXBuildFile; fileRef = A43989CD1B9FE88B00D84E79 /* MealTabViewController.swift */; };
		A43989D41B9FE8E900D84E79 /* MealCardView.swift in Sources */ = {isa = PBXBuildFile; fileRef = A43989D31B9FE8E900D84E79 /* MealCardView.swift */; };
		A43989D71B9FE98500D84E79 /* NotificationTableViewCell.swift in Sources */ = {isa = PBXBuildFile; fileRef = A43989D51B9FE98500D84E79 /* NotificationTableViewCell.swift */; };
		A43989D81B9FE98500D84E79 /* NotificationTableViewCell.xib in Resources */ = {isa = PBXBuildFile; fileRef = A43989D61B9FE98500D84E79 /* NotificationTableViewCell.xib */; };
		A43989DA1B9FEA5E00D84E79 /* LoginViewController.swift in Sources */ = {isa = PBXBuildFile; fileRef = A43989D91B9FEA5E00D84E79 /* LoginViewController.swift */; };
		A4467E5A1BA69804006ABEF2 /* FBSDKCoreKit.framework in Frameworks */ = {isa = PBXBuildFile; fileRef = A4467E591BA69804006ABEF2 /* FBSDKCoreKit.framework */; };
		A4467E5C1BA69810006ABEF2 /* FBSDKLoginKit.framework in Frameworks */ = {isa = PBXBuildFile; fileRef = A4467E5B1BA69810006ABEF2 /* FBSDKLoginKit.framework */; };
		A4467E5E1BA6981A006ABEF2 /* FBSDKShareKit.framework in Frameworks */ = {isa = PBXBuildFile; fileRef = A4467E5D1BA6981A006ABEF2 /* FBSDKShareKit.framework */; };
		A4467E601BA69836006ABEF2 /* FBSDKMessengerShareKit.framework in Frameworks */ = {isa = PBXBuildFile; fileRef = A4467E5F1BA69836006ABEF2 /* FBSDKMessengerShareKit.framework */; };
		A4D2D0E81BB13B8C00D50885 /* NotificationTabViewController.swift in Sources */ = {isa = PBXBuildFile; fileRef = A4D2D0E71BB13B8C00D50885 /* NotificationTabViewController.swift */; };
/* End PBXBuildFile section */

/* Begin PBXContainerItemProxy section */
		A43989BA1B9FC31000D84E79 /* PBXContainerItemProxy */ = {
			isa = PBXContainerItemProxy;
			containerPortal = A439899A1B9FC31000D84E79 /* Project object */;
			proxyType = 1;
			remoteGlobalIDString = A43989A11B9FC31000D84E79;
			remoteInfo = Eat_Time;
		};
/* End PBXContainerItemProxy section */

/* Begin PBXFileReference section */
		A42587E91B9FF19400D10AA7 /* AppConstants.swift */ = {isa = PBXFileReference; fileEncoding = 4; lastKnownFileType = sourcecode.swift; path = AppConstants.swift; sourceTree = "<group>"; };
		A42587EE1B9FF3C600D10AA7 /* MealNavigationController.swift */ = {isa = PBXFileReference; fileEncoding = 4; lastKnownFileType = sourcecode.swift; name = MealNavigationController.swift; path = MealTabView/MealNavigationController.swift; sourceTree = "<group>"; };
		A42587F01B9FF5CB00D10AA7 /* NotificationNavigationController.swift */ = {isa = PBXFileReference; fileEncoding = 4; lastKnownFileType = sourcecode.swift; name = NotificationNavigationController.swift; path = NotificationTabView/NotificationNavigationController.swift; sourceTree = "<group>"; };
		A42587F41BA0059700D10AA7 /* Utils.swift */ = {isa = PBXFileReference; fileEncoding = 4; lastKnownFileType = sourcecode.swift; name = Utils.swift; path = util/Utils.swift; sourceTree = "<group>"; };
		A42587F61BA009E700D10AA7 /* AppExtensions.swift */ = {isa = PBXFileReference; fileEncoding = 4; lastKnownFileType = sourcecode.swift; name = AppExtensions.swift; path = util/AppExtensions.swift; sourceTree = "<group>"; };
		A42587F81BA148A500D10AA7 /* MealCardView.xib */ = {isa = PBXFileReference; fileEncoding = 4; lastKnownFileType = file.xib; name = MealCardView.xib; path = MealTabView/MealCardView.xib; sourceTree = "<group>"; };
		A42587FA1BA6632E00D10AA7 /* NewEventViewController.swift */ = {isa = PBXFileReference; fileEncoding = 4; lastKnownFileType = sourcecode.swift; name = NewEventViewController.swift; path = MealTabView/NewEventViewController.swift; sourceTree = "<group>"; };
		A42587FC1BA68F3900D10AA7 /* AudioToolbox.framework */ = {isa = PBXFileReference; lastKnownFileType = wrapper.framework; name = AudioToolbox.framework; path = System/Library/Frameworks/AudioToolbox.framework; sourceTree = SDKROOT; };
		A42587FE1BA68F4000D10AA7 /* CFNetwork.framework */ = {isa = PBXFileReference; lastKnownFileType = wrapper.framework; name = CFNetwork.framework; path = System/Library/Frameworks/CFNetwork.framework; sourceTree = SDKROOT; };
		A42588001BA68F4800D10AA7 /* CoreGraphics.framework */ = {isa = PBXFileReference; lastKnownFileType = wrapper.framework; name = CoreGraphics.framework; path = System/Library/Frameworks/CoreGraphics.framework; sourceTree = SDKROOT; };
		A42588021BA68F4E00D10AA7 /* CoreLocation.framework */ = {isa = PBXFileReference; lastKnownFileType = wrapper.framework; name = CoreLocation.framework; path = System/Library/Frameworks/CoreLocation.framework; sourceTree = SDKROOT; };
		A42588041BA68F5500D10AA7 /* libz.dylib */ = {isa = PBXFileReference; lastKnownFileType = "compiled.mach-o.dylib"; name = libz.dylib; path = usr/lib/libz.dylib; sourceTree = SDKROOT; };
		A42588061BA68F5F00D10AA7 /* MobileCoreServices.framework */ = {isa = PBXFileReference; lastKnownFileType = wrapper.framework; name = MobileCoreServices.framework; path = System/Library/Frameworks/MobileCoreServices.framework; sourceTree = SDKROOT; };
		A42588081BA68F6900D10AA7 /* QuartzCore.framework */ = {isa = PBXFileReference; lastKnownFileType = wrapper.framework; name = QuartzCore.framework; path = System/Library/Frameworks/QuartzCore.framework; sourceTree = SDKROOT; };
		A425880A1BA68F7000D10AA7 /* Security.framework */ = {isa = PBXFileReference; lastKnownFileType = wrapper.framework; name = Security.framework; path = System/Library/Frameworks/Security.framework; sourceTree = SDKROOT; };
		A425880C1BA68F7600D10AA7 /* StoreKit.framework */ = {isa = PBXFileReference; lastKnownFileType = wrapper.framework; name = StoreKit.framework; path = System/Library/Frameworks/StoreKit.framework; sourceTree = SDKROOT; };
		A425880E1BA68F8700D10AA7 /* SystemConfiguration.framework */ = {isa = PBXFileReference; lastKnownFileType = wrapper.framework; name = SystemConfiguration.framework; path = System/Library/Frameworks/SystemConfiguration.framework; sourceTree = SDKROOT; };
		A42588101BA68F9100D10AA7 /* libsqlite3.dylib */ = {isa = PBXFileReference; lastKnownFileType = "compiled.mach-o.dylib"; name = libsqlite3.dylib; path = usr/lib/libsqlite3.dylib; sourceTree = SDKROOT; };
		A42588241BA6908200D10AA7 /* Accounts.framework */ = {isa = PBXFileReference; lastKnownFileType = wrapper.framework; name = Accounts.framework; path = System/Library/Frameworks/Accounts.framework; sourceTree = SDKROOT; };
		A42588261BA6908B00D10AA7 /* Social.framework */ = {isa = PBXFileReference; lastKnownFileType = wrapper.framework; name = Social.framework; path = System/Library/Frameworks/Social.framework; sourceTree = SDKROOT; };
		A42588291BA690FF00D10AA7 /* Bolts.framework */ = {isa = PBXFileReference; lastKnownFileType = wrapper.framework; path = Bolts.framework; sourceTree = "<group>"; };
		A425882A1BA690FF00D10AA7 /* Parse.framework */ = {isa = PBXFileReference; lastKnownFileType = wrapper.framework; path = Parse.framework; sourceTree = "<group>"; };
		A425882B1BA690FF00D10AA7 /* ParseCrashReporting.framework */ = {isa = PBXFileReference; lastKnownFileType = wrapper.framework; path = ParseCrashReporting.framework; sourceTree = "<group>"; };
		A425882C1BA690FF00D10AA7 /* ParseFacebookUtils.framework */ = {isa = PBXFileReference; lastKnownFileType = wrapper.framework; path = ParseFacebookUtils.framework; sourceTree = "<group>"; };
		A425882D1BA690FF00D10AA7 /* ParseFacebookUtilsV4.framework */ = {isa = PBXFileReference; lastKnownFileType = wrapper.framework; path = ParseFacebookUtilsV4.framework; sourceTree = "<group>"; };
		A425882E1BA690FF00D10AA7 /* ParseTwitterUtils.framework */ = {isa = PBXFileReference; lastKnownFileType = wrapper.framework; path = ParseTwitterUtils.framework; sourceTree = "<group>"; };
		A425882F1BA690FF00D10AA7 /* ParseUI.framework */ = {isa = PBXFileReference; lastKnownFileType = wrapper.framework; path = ParseUI.framework; sourceTree = "<group>"; };
		A425883F1BA6952F00D10AA7 /* Eat_Time-Bridging-Header.h */ = {isa = PBXFileReference; lastKnownFileType = sourcecode.c.h; path = "Eat_Time-Bridging-Header.h"; sourceTree = "<group>"; };
		A42588401BA6953000D10AA7 /* objc-link.m */ = {isa = PBXFileReference; fileEncoding = 4; lastKnownFileType = sourcecode.c.objc; name = "objc-link.m"; path = "util/objc-link.m"; sourceTree = "<group>"; };
		A43989A21B9FC31000D84E79 /* Eat_Time.app */ = {isa = PBXFileReference; explicitFileType = wrapper.application; includeInIndex = 0; path = Eat_Time.app; sourceTree = BUILT_PRODUCTS_DIR; };
		A43989A61B9FC31000D84E79 /* Info.plist */ = {isa = PBXFileReference; lastKnownFileType = text.plist.xml; path = Info.plist; sourceTree = "<group>"; };
		A43989A71B9FC31000D84E79 /* AppDelegate.swift */ = {isa = PBXFileReference; lastKnownFileType = sourcecode.swift; path = AppDelegate.swift; sourceTree = "<group>"; };
		A43989AE1B9FC31000D84E79 /* Base */ = {isa = PBXFileReference; lastKnownFileType = file.storyboard; name = Base; path = Base.lproj/Main.storyboard; sourceTree = "<group>"; };
		A43989B01B9FC31000D84E79 /* Images.xcassets */ = {isa = PBXFileReference; lastKnownFileType = folder.assetcatalog; path = Images.xcassets; sourceTree = "<group>"; };
		A43989B31B9FC31000D84E79 /* Base */ = {isa = PBXFileReference; lastKnownFileType = file.xib; name = Base; path = Base.lproj/LaunchScreen.xib; sourceTree = "<group>"; };
		A43989B91B9FC31000D84E79 /* Eat_TimeTests.xctest */ = {isa = PBXFileReference; explicitFileType = wrapper.cfbundle; includeInIndex = 0; path = Eat_TimeTests.xctest; sourceTree = BUILT_PRODUCTS_DIR; };
		A43989BE1B9FC31000D84E79 /* Info.plist */ = {isa = PBXFileReference; lastKnownFileType = text.plist.xml; path = Info.plist; sourceTree = "<group>"; };
		A43989BF1B9FC31000D84E79 /* Eat_TimeTests.swift */ = {isa = PBXFileReference; lastKnownFileType = sourcecode.swift; path = Eat_TimeTests.swift; sourceTree = "<group>"; };
		A43989CD1B9FE88B00D84E79 /* MealTabViewController.swift */ = {isa = PBXFileReference; fileEncoding = 4; lastKnownFileType = sourcecode.swift; name = MealTabViewController.swift; path = MealTabView/MealTabViewController.swift; sourceTree = "<group>"; };
		A43989D31B9FE8E900D84E79 /* MealCardView.swift */ = {isa = PBXFileReference; fileEncoding = 4; lastKnownFileType = sourcecode.swift; name = MealCardView.swift; path = MealTabView/MealCardView.swift; sourceTree = "<group>"; };
		A43989D51B9FE98500D84E79 /* NotificationTableViewCell.swift */ = {isa = PBXFileReference; fileEncoding = 4; lastKnownFileType = sourcecode.swift; name = NotificationTableViewCell.swift; path = NotificationTabView/NotificationTableViewCell.swift; sourceTree = "<group>"; };
		A43989D61B9FE98500D84E79 /* NotificationTableViewCell.xib */ = {isa = PBXFileReference; fileEncoding = 4; lastKnownFileType = file.xib; name = NotificationTableViewCell.xib; path = NotificationTabView/NotificationTableViewCell.xib; sourceTree = "<group>"; };
		A43989D91B9FEA5E00D84E79 /* LoginViewController.swift */ = {isa = PBXFileReference; fileEncoding = 4; lastKnownFileType = sourcecode.swift; name = LoginViewController.swift; path = Authentication/LoginViewController.swift; sourceTree = "<group>"; };
		A4467E591BA69804006ABEF2 /* FBSDKCoreKit.framework */ = {isa = PBXFileReference; lastKnownFileType = wrapper.framework; path = FBSDKCoreKit.framework; sourceTree = "<group>"; };
		A4467E5B1BA69810006ABEF2 /* FBSDKLoginKit.framework */ = {isa = PBXFileReference; lastKnownFileType = wrapper.framework; path = FBSDKLoginKit.framework; sourceTree = "<group>"; };
		A4467E5D1BA6981A006ABEF2 /* FBSDKShareKit.framework */ = {isa = PBXFileReference; lastKnownFileType = wrapper.framework; path = FBSDKShareKit.framework; sourceTree = "<group>"; };
		A4467E5F1BA69836006ABEF2 /* FBSDKMessengerShareKit.framework */ = {isa = PBXFileReference; lastKnownFileType = wrapper.framework; path = FBSDKMessengerShareKit.framework; sourceTree = "<group>"; };
		A4D2D0E71BB13B8C00D50885 /* NotificationTabViewController.swift */ = {isa = PBXFileReference; fileEncoding = 4; lastKnownFileType = sourcecode.swift; name = NotificationTabViewController.swift; path = NotificationTabView/NotificationTabViewController.swift; sourceTree = "<group>"; };
/* End PBXFileReference section */

/* Begin PBXFrameworksBuildPhase section */
		A439899F1B9FC31000D84E79 /* Frameworks */ = {
			isa = PBXFrameworksBuildPhase;
			buildActionMask = 2147483647;
			files = (
				A42588271BA6908B00D10AA7 /* Social.framework in Frameworks */,
				A42588351BA690FF00D10AA7 /* ParseTwitterUtils.framework in Frameworks */,
				A42588361BA690FF00D10AA7 /* ParseUI.framework in Frameworks */,
				A4467E5A1BA69804006ABEF2 /* FBSDKCoreKit.framework in Frameworks */,
				A4467E601BA69836006ABEF2 /* FBSDKMessengerShareKit.framework in Frameworks */,
				A42588251BA6908200D10AA7 /* Accounts.framework in Frameworks */,
				A4467E5C1BA69810006ABEF2 /* FBSDKLoginKit.framework in Frameworks */,
				A42588111BA68F9100D10AA7 /* libsqlite3.dylib in Frameworks */,
				A4467E5E1BA6981A006ABEF2 /* FBSDKShareKit.framework in Frameworks */,
				A425880F1BA68F8700D10AA7 /* SystemConfiguration.framework in Frameworks */,
				A42588311BA690FF00D10AA7 /* Parse.framework in Frameworks */,
				A42588331BA690FF00D10AA7 /* ParseFacebookUtils.framework in Frameworks */,
				A425880D1BA68F7600D10AA7 /* StoreKit.framework in Frameworks */,
				A425880B1BA68F7000D10AA7 /* Security.framework in Frameworks */,
				A42588091BA68F6900D10AA7 /* QuartzCore.framework in Frameworks */,
				A42588071BA68F5F00D10AA7 /* MobileCoreServices.framework in Frameworks */,
				A42588051BA68F5500D10AA7 /* libz.dylib in Frameworks */,
				A42588031BA68F4E00D10AA7 /* CoreLocation.framework in Frameworks */,
				A42588011BA68F4800D10AA7 /* CoreGraphics.framework in Frameworks */,
				A42587FF1BA68F4000D10AA7 /* CFNetwork.framework in Frameworks */,
				A42588341BA690FF00D10AA7 /* ParseFacebookUtilsV4.framework in Frameworks */,
				A42587FD1BA68F3900D10AA7 /* AudioToolbox.framework in Frameworks */,
				A42588301BA690FF00D10AA7 /* Bolts.framework in Frameworks */,
				A42588321BA690FF00D10AA7 /* ParseCrashReporting.framework in Frameworks */,
			);
			runOnlyForDeploymentPostprocessing = 0;
		};
		A43989B61B9FC31000D84E79 /* Frameworks */ = {
			isa = PBXFrameworksBuildPhase;
			buildActionMask = 2147483647;
			files = (
			);
			runOnlyForDeploymentPostprocessing = 0;
		};
/* End PBXFrameworksBuildPhase section */

/* Begin PBXGroup section */
		A42587EB1B9FF19800D10AA7 /* AppCommon */ = {
			isa = PBXGroup;
			children = (
				A42587E91B9FF19400D10AA7 /* AppConstants.swift */,
				A42587F41BA0059700D10AA7 /* Utils.swift */,
				A42587F61BA009E700D10AA7 /* AppExtensions.swift */,
			);
			name = AppCommon;
			sourceTree = "<group>";
		};
		A42588281BA690FF00D10AA7 /* parse-library-1.8.3 */ = {
			isa = PBXGroup;
			children = (
				A42588291BA690FF00D10AA7 /* Bolts.framework */,
				A425882A1BA690FF00D10AA7 /* Parse.framework */,
				A425882B1BA690FF00D10AA7 /* ParseCrashReporting.framework */,
				A425882C1BA690FF00D10AA7 /* ParseFacebookUtils.framework */,
				A425882D1BA690FF00D10AA7 /* ParseFacebookUtilsV4.framework */,
				A425882E1BA690FF00D10AA7 /* ParseTwitterUtils.framework */,
				A425882F1BA690FF00D10AA7 /* ParseUI.framework */,
			);
			path = "parse-library-1.8.3";
			sourceTree = "<group>";
		};
		A42588421BA6958800D10AA7 /* Frameworks */ = {
			isa = PBXGroup;
			children = (
				A4467E5F1BA69836006ABEF2 /* FBSDKMessengerShareKit.framework */,
				A4467E5D1BA6981A006ABEF2 /* FBSDKShareKit.framework */,
				A4467E5B1BA69810006ABEF2 /* FBSDKLoginKit.framework */,
				A4467E591BA69804006ABEF2 /* FBSDKCoreKit.framework */,
				A42588281BA690FF00D10AA7 /* parse-library-1.8.3 */,
				A42588261BA6908B00D10AA7 /* Social.framework */,
				A42588241BA6908200D10AA7 /* Accounts.framework */,
				A42588101BA68F9100D10AA7 /* libsqlite3.dylib */,
				A425880E1BA68F8700D10AA7 /* SystemConfiguration.framework */,
				A425880C1BA68F7600D10AA7 /* StoreKit.framework */,
				A425880A1BA68F7000D10AA7 /* Security.framework */,
				A42588081BA68F6900D10AA7 /* QuartzCore.framework */,
				A42588061BA68F5F00D10AA7 /* MobileCoreServices.framework */,
				A42588041BA68F5500D10AA7 /* libz.dylib */,
				A42588021BA68F4E00D10AA7 /* CoreLocation.framework */,
				A42588001BA68F4800D10AA7 /* CoreGraphics.framework */,
				A42587FE1BA68F4000D10AA7 /* CFNetwork.framework */,
				A42587FC1BA68F3900D10AA7 /* AudioToolbox.framework */,
			);
			name = Frameworks;
			sourceTree = "<group>";
		};
		A43989991B9FC31000D84E79 = {
			isa = PBXGroup;
			children = (
				A42588421BA6958800D10AA7 /* Frameworks */,
				A43989A41B9FC31000D84E79 /* Eat_Time */,
				A43989BC1B9FC31000D84E79 /* Eat_TimeTests */,
				A43989A31B9FC31000D84E79 /* Products */,
			);
			sourceTree = "<group>";
		};
		A43989A31B9FC31000D84E79 /* Products */ = {
			isa = PBXGroup;
			children = (
				A43989A21B9FC31000D84E79 /* Eat_Time.app */,
				A43989B91B9FC31000D84E79 /* Eat_TimeTests.xctest */,
			);
			name = Products;
			sourceTree = "<group>";
		};
		A43989A41B9FC31000D84E79 /* Eat_Time */ = {
			isa = PBXGroup;
			children = (
				A43989A71B9FC31000D84E79 /* AppDelegate.swift */,
				A42588401BA6953000D10AA7 /* objc-link.m */,
				A42587EB1B9FF19800D10AA7 /* AppCommon */,
				A43989DB1B9FEA7400D84E79 /* Authentication */,
				A43989CB1B9FE76A00D84E79 /* MealTab */,
				A43989CC1B9FE79800D84E79 /* NotificationTab */,
				A43989AD1B9FC31000D84E79 /* Main.storyboard */,
				A43989B01B9FC31000D84E79 /* Images.xcassets */,
				A43989B21B9FC31000D84E79 /* LaunchScreen.xib */,
				A43989A51B9FC31000D84E79 /* Supporting Files */,
				A425883F1BA6952F00D10AA7 /* Eat_Time-Bridging-Header.h */,
			);
			path = Eat_Time;
			sourceTree = "<group>";
		};
		A43989A51B9FC31000D84E79 /* Supporting Files */ = {
			isa = PBXGroup;
			children = (
				A43989A61B9FC31000D84E79 /* Info.plist */,
			);
			name = "Supporting Files";
			sourceTree = "<group>";
		};
		A43989BC1B9FC31000D84E79 /* Eat_TimeTests */ = {
			isa = PBXGroup;
			children = (
				A43989BF1B9FC31000D84E79 /* Eat_TimeTests.swift */,
				A43989BD1B9FC31000D84E79 /* Supporting Files */,
			);
			path = Eat_TimeTests;
			sourceTree = "<group>";
		};
		A43989BD1B9FC31000D84E79 /* Supporting Files */ = {
			isa = PBXGroup;
			children = (
				A43989BE1B9FC31000D84E79 /* Info.plist */,
			);
			name = "Supporting Files";
			sourceTree = "<group>";
		};
		A43989CB1B9FE76A00D84E79 /* MealTab */ = {
			isa = PBXGroup;
			children = (
				A42587EE1B9FF3C600D10AA7 /* MealNavigationController.swift */,
				A43989CD1B9FE88B00D84E79 /* MealTabViewController.swift */,
				A42587F81BA148A500D10AA7 /* MealCardView.xib */,
				A43989D31B9FE8E900D84E79 /* MealCardView.swift */,
				A42587FA1BA6632E00D10AA7 /* NewEventViewController.swift */,
			);
			name = MealTab;
			sourceTree = "<group>";
		};
		A43989CC1B9FE79800D84E79 /* NotificationTab */ = {
			isa = PBXGroup;
			children = (
				A42587F01B9FF5CB00D10AA7 /* NotificationNavigationController.swift */,
				A4D2D0E71BB13B8C00D50885 /* NotificationTabViewController.swift */,
				A43989D61B9FE98500D84E79 /* NotificationTableViewCell.xib */,
				A43989D51B9FE98500D84E79 /* NotificationTableViewCell.swift */,
			);
			name = NotificationTab;
			sourceTree = "<group>";
		};
		A43989DB1B9FEA7400D84E79 /* Authentication */ = {
			isa = PBXGroup;
			children = (
				A43989D91B9FEA5E00D84E79 /* LoginViewController.swift */,
			);
			name = Authentication;
			sourceTree = "<group>";
		};
/* End PBXGroup section */

/* Begin PBXNativeTarget section */
		A43989A11B9FC31000D84E79 /* Eat_Time */ = {
			isa = PBXNativeTarget;
			buildConfigurationList = A43989C31B9FC31000D84E79 /* Build configuration list for PBXNativeTarget "Eat_Time" */;
			buildPhases = (
				A439899E1B9FC31000D84E79 /* Sources */,
				A439899F1B9FC31000D84E79 /* Frameworks */,
				A43989A01B9FC31000D84E79 /* Resources */,
			);
			buildRules = (
			);
			dependencies = (
			);
			name = Eat_Time;
			productName = Eat_Time;
			productReference = A43989A21B9FC31000D84E79 /* Eat_Time.app */;
			productType = "com.apple.product-type.application";
		};
		A43989B81B9FC31000D84E79 /* Eat_TimeTests */ = {
			isa = PBXNativeTarget;
			buildConfigurationList = A43989C61B9FC31000D84E79 /* Build configuration list for PBXNativeTarget "Eat_TimeTests" */;
			buildPhases = (
				A43989B51B9FC31000D84E79 /* Sources */,
				A43989B61B9FC31000D84E79 /* Frameworks */,
				A43989B71B9FC31000D84E79 /* Resources */,
			);
			buildRules = (
			);
			dependencies = (
				A43989BB1B9FC31000D84E79 /* PBXTargetDependency */,
			);
			name = Eat_TimeTests;
			productName = Eat_TimeTests;
			productReference = A43989B91B9FC31000D84E79 /* Eat_TimeTests.xctest */;
			productType = "com.apple.product-type.bundle.unit-test";
		};
/* End PBXNativeTarget section */

/* Begin PBXProject section */
		A439899A1B9FC31000D84E79 /* Project object */ = {
			isa = PBXProject;
			attributes = {
				LastUpgradeCheck = 0640;
				ORGANIZATIONNAME = "Simin Liu";
				TargetAttributes = {
					A43989A11B9FC31000D84E79 = {
						CreatedOnToolsVersion = 6.4;
					};
					A43989B81B9FC31000D84E79 = {
						CreatedOnToolsVersion = 6.4;
						TestTargetID = A43989A11B9FC31000D84E79;
					};
				};
			};
			buildConfigurationList = A439899D1B9FC31000D84E79 /* Build configuration list for PBXProject "Eat_Time" */;
			compatibilityVersion = "Xcode 3.2";
			developmentRegion = English;
			hasScannedForEncodings = 0;
			knownRegions = (
				en,
				Base,
			);
			mainGroup = A43989991B9FC31000D84E79;
			productRefGroup = A43989A31B9FC31000D84E79 /* Products */;
			projectDirPath = "";
			projectRoot = "";
			targets = (
				A43989A11B9FC31000D84E79 /* Eat_Time */,
				A43989B81B9FC31000D84E79 /* Eat_TimeTests */,
			);
		};
/* End PBXProject section */

/* Begin PBXResourcesBuildPhase section */
		A43989A01B9FC31000D84E79 /* Resources */ = {
			isa = PBXResourcesBuildPhase;
			buildActionMask = 2147483647;
			files = (
				A43989D81B9FE98500D84E79 /* NotificationTableViewCell.xib in Resources */,
				A43989AF1B9FC31000D84E79 /* Main.storyboard in Resources */,
				A43989B41B9FC31000D84E79 /* LaunchScreen.xib in Resources */,
				A43989B11B9FC31000D84E79 /* Images.xcassets in Resources */,
				A42587F91BA148A500D10AA7 /* MealCardView.xib in Resources */,
			);
			runOnlyForDeploymentPostprocessing = 0;
		};
		A43989B71B9FC31000D84E79 /* Resources */ = {
			isa = PBXResourcesBuildPhase;
			buildActionMask = 2147483647;
			files = (
			);
			runOnlyForDeploymentPostprocessing = 0;
		};
/* End PBXResourcesBuildPhase section */

/* Begin PBXSourcesBuildPhase section */
		A439899E1B9FC31000D84E79 /* Sources */ = {
			isa = PBXSourcesBuildPhase;
			buildActionMask = 2147483647;
			files = (
				A43989D71B9FE98500D84E79 /* NotificationTableViewCell.swift in Sources */,
				A43989D41B9FE8E900D84E79 /* MealCardView.swift in Sources */,
				A43989DA1B9FEA5E00D84E79 /* LoginViewController.swift in Sources */,
				A42587EF1B9FF3C600D10AA7 /* MealNavigationController.swift in Sources */,
				A42587F51BA0059700D10AA7 /* Utils.swift in Sources */,
				A42587EA1B9FF19400D10AA7 /* AppConstants.swift in Sources */,
				A43989A81B9FC31000D84E79 /* AppDelegate.swift in Sources */,
				A42587F11B9FF5CB00D10AA7 /* NotificationNavigationController.swift in Sources */,
				A43989CE1B9FE88B00D84E79 /* MealTabViewController.swift in Sources */,
				A42587FB1BA6632E00D10AA7 /* NewEventViewController.swift in Sources */,
				A42588411BA6953000D10AA7 /* objc-link.m in Sources */,
				A42587F71BA009E700D10AA7 /* AppExtensions.swift in Sources */,
				A4D2D0E81BB13B8C00D50885 /* NotificationTabViewController.swift in Sources */,
			);
			runOnlyForDeploymentPostprocessing = 0;
		};
		A43989B51B9FC31000D84E79 /* Sources */ = {
			isa = PBXSourcesBuildPhase;
			buildActionMask = 2147483647;
			files = (
				A43989C01B9FC31000D84E79 /* Eat_TimeTests.swift in Sources */,
			);
			runOnlyForDeploymentPostprocessing = 0;
		};
/* End PBXSourcesBuildPhase section */

/* Begin PBXTargetDependency section */
		A43989BB1B9FC31000D84E79 /* PBXTargetDependency */ = {
			isa = PBXTargetDependency;
			target = A43989A11B9FC31000D84E79 /* Eat_Time */;
			targetProxy = A43989BA1B9FC31000D84E79 /* PBXContainerItemProxy */;
		};
/* End PBXTargetDependency section */

/* Begin PBXVariantGroup section */
		A43989AD1B9FC31000D84E79 /* Main.storyboard */ = {
			isa = PBXVariantGroup;
			children = (
				A43989AE1B9FC31000D84E79 /* Base */,
			);
			name = Main.storyboard;
			sourceTree = "<group>";
		};
		A43989B21B9FC31000D84E79 /* LaunchScreen.xib */ = {
			isa = PBXVariantGroup;
			children = (
				A43989B31B9FC31000D84E79 /* Base */,
			);
			name = LaunchScreen.xib;
			sourceTree = "<group>";
		};
/* End PBXVariantGroup section */

/* Begin XCBuildConfiguration section */
		A43989C11B9FC31000D84E79 /* Debug */ = {
			isa = XCBuildConfiguration;
			buildSettings = {
				ALWAYS_SEARCH_USER_PATHS = NO;
				CLANG_CXX_LANGUAGE_STANDARD = "gnu++0x";
				CLANG_CXX_LIBRARY = "libc++";
				CLANG_ENABLE_MODULES = YES;
				CLANG_ENABLE_OBJC_ARC = YES;
				CLANG_WARN_BOOL_CONVERSION = YES;
				CLANG_WARN_CONSTANT_CONVERSION = YES;
				CLANG_WARN_DIRECT_OBJC_ISA_USAGE = YES_ERROR;
				CLANG_WARN_EMPTY_BODY = YES;
				CLANG_WARN_ENUM_CONVERSION = YES;
				CLANG_WARN_INT_CONVERSION = YES;
				CLANG_WARN_OBJC_ROOT_CLASS = YES_ERROR;
				CLANG_WARN_UNREACHABLE_CODE = YES;
				CLANG_WARN__DUPLICATE_METHOD_MATCH = YES;
				"CODE_SIGN_IDENTITY[sdk=iphoneos*]" = "iPhone Developer";
				COPY_PHASE_STRIP = NO;
				DEBUG_INFORMATION_FORMAT = "dwarf-with-dsym";
				ENABLE_STRICT_OBJC_MSGSEND = YES;
				GCC_C_LANGUAGE_STANDARD = gnu99;
				GCC_DYNAMIC_NO_PIC = NO;
				GCC_NO_COMMON_BLOCKS = YES;
				GCC_OPTIMIZATION_LEVEL = 0;
				GCC_PREPROCESSOR_DEFINITIONS = (
					"DEBUG=1",
					"$(inherited)",
				);
				GCC_SYMBOLS_PRIVATE_EXTERN = NO;
				GCC_WARN_64_TO_32_BIT_CONVERSION = YES;
				GCC_WARN_ABOUT_RETURN_TYPE = YES_ERROR;
				GCC_WARN_UNDECLARED_SELECTOR = YES;
				GCC_WARN_UNINITIALIZED_AUTOS = YES_AGGRESSIVE;
				GCC_WARN_UNUSED_FUNCTION = YES;
				GCC_WARN_UNUSED_VARIABLE = YES;
				IPHONEOS_DEPLOYMENT_TARGET = 8.4;
				MTL_ENABLE_DEBUG_INFO = YES;
				ONLY_ACTIVE_ARCH = YES;
				SDKROOT = iphoneos;
				SWIFT_OPTIMIZATION_LEVEL = "-Onone";
				TARGETED_DEVICE_FAMILY = "1,2";
			};
			name = Debug;
		};
		A43989C21B9FC31000D84E79 /* Release */ = {
			isa = XCBuildConfiguration;
			buildSettings = {
				ALWAYS_SEARCH_USER_PATHS = NO;
				CLANG_CXX_LANGUAGE_STANDARD = "gnu++0x";
				CLANG_CXX_LIBRARY = "libc++";
				CLANG_ENABLE_MODULES = YES;
				CLANG_ENABLE_OBJC_ARC = YES;
				CLANG_WARN_BOOL_CONVERSION = YES;
				CLANG_WARN_CONSTANT_CONVERSION = YES;
				CLANG_WARN_DIRECT_OBJC_ISA_USAGE = YES_ERROR;
				CLANG_WARN_EMPTY_BODY = YES;
				CLANG_WARN_ENUM_CONVERSION = YES;
				CLANG_WARN_INT_CONVERSION = YES;
				CLANG_WARN_OBJC_ROOT_CLASS = YES_ERROR;
				CLANG_WARN_UNREACHABLE_CODE = YES;
				CLANG_WARN__DUPLICATE_METHOD_MATCH = YES;
				"CODE_SIGN_IDENTITY[sdk=iphoneos*]" = "iPhone Developer";
				COPY_PHASE_STRIP = NO;
				DEBUG_INFORMATION_FORMAT = "dwarf-with-dsym";
				ENABLE_NS_ASSERTIONS = NO;
				ENABLE_STRICT_OBJC_MSGSEND = YES;
				GCC_C_LANGUAGE_STANDARD = gnu99;
				GCC_NO_COMMON_BLOCKS = YES;
				GCC_WARN_64_TO_32_BIT_CONVERSION = YES;
				GCC_WARN_ABOUT_RETURN_TYPE = YES_ERROR;
				GCC_WARN_UNDECLARED_SELECTOR = YES;
				GCC_WARN_UNINITIALIZED_AUTOS = YES_AGGRESSIVE;
				GCC_WARN_UNUSED_FUNCTION = YES;
				GCC_WARN_UNUSED_VARIABLE = YES;
				IPHONEOS_DEPLOYMENT_TARGET = 8.4;
				MTL_ENABLE_DEBUG_INFO = NO;
				SDKROOT = iphoneos;
				TARGETED_DEVICE_FAMILY = "1,2";
				VALIDATE_PRODUCT = YES;
			};
			name = Release;
		};
		A43989C41B9FC31000D84E79 /* Debug */ = {
			isa = XCBuildConfiguration;
			buildSettings = {
				ASSETCATALOG_COMPILER_APPICON_NAME = AppIcon;
				CLANG_ENABLE_MODULES = YES;
				FRAMEWORK_SEARCH_PATHS = (
					"$(inherited)",
					"$(PROJECT_DIR)/parse-library-1.8.3",
					"$(PROJECT_DIR)",
				);
				INFOPLIST_FILE = Eat_Time/Info.plist;
				LD_RUNPATH_SEARCH_PATHS = "$(inherited) @executable_path/Frameworks";
				PRODUCT_NAME = "$(TARGET_NAME)";
				SWIFT_OBJC_BRIDGING_HEADER = "Eat_Time/Eat_Time-Bridging-Header.h";
				SWIFT_OPTIMIZATION_LEVEL = "-O";
			};
			name = Debug;
		};
		A43989C51B9FC31000D84E79 /* Release */ = {
			isa = XCBuildConfiguration;
			buildSettings = {
				ASSETCATALOG_COMPILER_APPICON_NAME = AppIcon;
				CLANG_ENABLE_MODULES = YES;
				FRAMEWORK_SEARCH_PATHS = (
					"$(inherited)",
					"$(PROJECT_DIR)/parse-library-1.8.3",
					"$(PROJECT_DIR)",
				);
				INFOPLIST_FILE = Eat_Time/Info.plist;
				LD_RUNPATH_SEARCH_PATHS = "$(inherited) @executable_path/Frameworks";
				PRODUCT_NAME = "$(TARGET_NAME)";
				SWIFT_OBJC_BRIDGING_HEADER = "Eat_Time/Eat_Time-Bridging-Header.h";
				SWIFT_OPTIMIZATION_LEVEL = "-O";
			};
			name = Release;
		};
		A43989C71B9FC31000D84E79 /* Debug */ = {
			isa = XCBuildConfiguration;
			buildSettings = {
				BUNDLE_LOADER = "$(TEST_HOST)";
				FRAMEWORK_SEARCH_PATHS = (
					"$(SDKROOT)/Developer/Library/Frameworks",
					"$(inherited)",
				);
				GCC_PREPROCESSOR_DEFINITIONS = (
					"DEBUG=1",
					"$(inherited)",
				);
				INFOPLIST_FILE = Eat_TimeTests/Info.plist;
				LD_RUNPATH_SEARCH_PATHS = "$(inherited) @executable_path/Frameworks @loader_path/Frameworks";
				PRODUCT_NAME = "$(TARGET_NAME)";
				TEST_HOST = "$(BUILT_PRODUCTS_DIR)/Eat_Time.app/Eat_Time";
			};
			name = Debug;
		};
		A43989C81B9FC31000D84E79 /* Release */ = {
			isa = XCBuildConfiguration;
			buildSettings = {
				BUNDLE_LOADER = "$(TEST_HOST)";
				FRAMEWORK_SEARCH_PATHS = (
					"$(SDKROOT)/Developer/Library/Frameworks",
					"$(inherited)",
				);
				INFOPLIST_FILE = Eat_TimeTests/Info.plist;
				LD_RUNPATH_SEARCH_PATHS = "$(inherited) @executable_path/Frameworks @loader_path/Frameworks";
				PRODUCT_NAME = "$(TARGET_NAME)";
				TEST_HOST = "$(BUILT_PRODUCTS_DIR)/Eat_Time.app/Eat_Time";
			};
			name = Release;
		};
/* End XCBuildConfiguration section */

/* Begin XCConfigurationList section */
		A439899D1B9FC31000D84E79 /* Build configuration list for PBXProject "Eat_Time" */ = {
			isa = XCConfigurationList;
			buildConfigurations = (
				A43989C11B9FC31000D84E79 /* Debug */,
				A43989C21B9FC31000D84E79 /* Release */,
			);
			defaultConfigurationIsVisible = 0;
			defaultConfigurationName = Release;
		};
		A43989C31B9FC31000D84E79 /* Build configuration list for PBXNativeTarget "Eat_Time" */ = {
			isa = XCConfigurationList;
			buildConfigurations = (
				A43989C41B9FC31000D84E79 /* Debug */,
				A43989C51B9FC31000D84E79 /* Release */,
			);
			defaultConfigurationIsVisible = 0;
			defaultConfigurationName = Release;
		};
		A43989C61B9FC31000D84E79 /* Build configuration list for PBXNativeTarget "Eat_TimeTests" */ = {
			isa = XCConfigurationList;
			buildConfigurations = (
				A43989C71B9FC31000D84E79 /* Debug */,
				A43989C81B9FC31000D84E79 /* Release */,
			);
			defaultConfigurationIsVisible = 0;
			defaultConfigurationName = Release;
		};
/* End XCConfigurationList section */
	};
	rootObject = A439899A1B9FC31000D84E79 /* Project object */;
}
